
Microsoft Visual Studio Solution File, Format Version 12.00
# Visual Studio Version 16
VisualStudioVersion = 16.0.34031.81
MinimumVisualStudioVersion = 10.0.40219.1
Project("{FAE04EC0-301F-11D3-BF4B-00C04F79EFBC}") = "Proyecto", "Proyecto\Proyecto.csproj", "{9BDDDA67-0BB4-49E4-895E-23B1851C9F68}"
EndProject
Global
	GlobalSection(SolutionConfigurationPlatforms) = preSolution
		Debug|Any CPU = Debug|Any CPU
		Release|Any CPU = Release|Any CPU
	EndGlobalSection
	GlobalSection(ProjectConfigurationPlatforms) = postSolution
		{9BDDDA67-0BB4-49E4-895E-23B1851C9F68}.Debug|Any CPU.ActiveCfg = Debug|Any CPU
		{9BDDDA67-0BB4-49E4-895E-23B1851C9F68}.Debug|Any CPU.Build.0 = Debug|Any CPU
		{9BDDDA67-0BB4-49E4-895E-23B1851C9F68}.Release|Any CPU.ActiveCfg = Release|Any CPU
		{9BDDDA67-0BB4-49E4-895E-23B1851C9F68}.Release|Any CPU.Build.0 = Release|Any CPU
	EndGlobalSection
	GlobalSection(SolutionProperties) = preSolution
		HideSolutionNode = FALSE
	EndGlobalSection
	GlobalSection(ExtensibilityGlobals) = postSolution
		SolutionGuid = {FF206EDC-1F92-407D-B157-DB7AB59865C0}
	EndGlobalSection
EndGlobal
